
Microsoft Visual Studio Solution File, Format Version 12.00
# Visual Studio Version 17
VisualStudioVersion = 17.11.35327.3
MinimumVisualStudioVersion = 10.0.40219.1
Project("{FAE04EC0-301F-11D3-BF4B-00C04F79EFBC}") = "Bloxi tamogotchi", "Bloxi tamogotchi\Bloxi tamogotchi.csproj", "{C2C456A0-4EBF-4D4D-8F8F-B5AD73A79D4A}"
EndProject
Project("{54435603-DBB4-11D2-8724-00A0C9A8B90C}") = "bloxi)", "bloxi)\bloxi).vdproj", "{83D0DC58-9AF7-4CBC-ABC0-49587FADFA7C}"
EndProject
Global
	GlobalSection(SolutionConfigurationPlatforms) = preSolution
		Debug|Any CPU = Debug|Any CPU
		Release|Any CPU = Release|Any CPU
	EndGlobalSection
	GlobalSection(ProjectConfigurationPlatforms) = postSolution
		{C2C456A0-4EBF-4D4D-8F8F-B5AD73A79D4A}.Debug|Any CPU.ActiveCfg = Debug|Any CPU
		{C2C456A0-4EBF-4D4D-8F8F-B5AD73A79D4A}.Debug|Any CPU.Build.0 = Debug|Any CPU
		{C2C456A0-4EBF-4D4D-8F8F-B5AD73A79D4A}.Release|Any CPU.ActiveCfg = Release|Any CPU
		{C2C456A0-4EBF-4D4D-8F8F-B5AD73A79D4A}.Release|Any CPU.Build.0 = Release|Any CPU
		{83D0DC58-9AF7-4CBC-ABC0-49587FADFA7C}.Debug|Any CPU.ActiveCfg = Debug
		{83D0DC58-9AF7-4CBC-ABC0-49587FADFA7C}.Release|Any CPU.ActiveCfg = Release
	EndGlobalSection
	GlobalSection(SolutionProperties) = preSolution
		HideSolutionNode = FALSE
	EndGlobalSection
	GlobalSection(ExtensibilityGlobals) = postSolution
		SolutionGuid = {1547DD83-1760-4A54-A75A-05DB423C7346}
	EndGlobalSection
EndGlobal
